github.com/gorilla/websocket v1.5.3 h1:saDtZ6Pbx/0u+bgYQ3q96pZgCzfhKXGPqt7kZ72aNNg=
github.com/gorilla/websocket v1.5.3/go.mod h1:YR8l580nyteQvAITg2hZ9XVh4b55+EU/adAjf1fMHhE=
github.com/second-state/WasmEdge-go v0.13.4 h1:NHfJC+aayUW93ydAzlcX7Jx1WDRpI24KvY5SAbeTyvY=
github.com/second-state/WasmEdge-go v0.13.4/go.mod h1:HyBf9hVj1sRAjklsjc1Yvs9b5RcmthPG9z99dY78TKg=
